
Microsoft Visual Studio Solution File, Format Version 12.00
# Visual Studio Version 17
VisualStudioVersion = 17.8.34511.84
MinimumVisualStudioVersion = 10.0.40219.1
Project("{FAE04EC0-301F-11D3-BF4B-00C04F79EFBC}") = "CalculateScore", "CalculateScore.csproj", "{FE5DBBAE-0AAC-4C43-8719-DA76C93CD9F7}"
EndProject
Global
	GlobalSection(SolutionConfigurationPlatforms) = preSolution
		Debug|Any CPU = Debug|Any CPU
		Release|Any CPU = Release|Any CPU
	EndGlobalSection
	GlobalSection(ProjectConfigurationPlatforms) = postSolution
		{FE5DBBAE-0AAC-4C43-8719-DA76C93CD9F7}.Debug|Any CPU.ActiveCfg = Debug|Any CPU
		{FE5DBBAE-0AAC-4C43-8719-DA76C93CD9F7}.Debug|Any CPU.Build.0 = Debug|Any CPU
		{FE5DBBAE-0AAC-4C43-8719-DA76C93CD9F7}.Release|Any CPU.ActiveCfg = Release|Any CPU
		{FE5DBBAE-0AAC-4C43-8719-DA76C93CD9F7}.Release|Any CPU.Build.0 = Release|Any CPU
	EndGlobalSection
	GlobalSection(SolutionProperties) = preSolution
		HideSolutionNode = FALSE
	EndGlobalSection
	GlobalSection(ExtensibilityGlobals) = postSolution
		SolutionGuid = {449AFACD-4E64-435E-AE62-CD147FC561FD}
	EndGlobalSection
EndGlobal
